
Microsoft Visual Studio Solution File, Format Version 12.00
# Visual Studio Version 17
VisualStudioVersion = 17.2.32602.215
MinimumVisualStudioVersion = 10.0.40219.1
Project("{9A19103F-16F7-4668-BE54-9A1E7A4F7556}") = "ConsoleToWebAPI", "ConsoleToWebAPI\ConsoleToWebAPI.csproj", "{906186B1-A359-46DB-8D9C-B96DD6F07A63}"
EndProject
Project("{9A19103F-16F7-4668-BE54-9A1E7A4F7556}") = "BookStore.API", "BookStore.API\BookStore.API.csproj", "{7F4AA7CE-BAE5-4679-8C69-1DA739439A6A}"
EndProject
Project("{FAE04EC0-301F-11D3-BF4B-00C04F79EFBC}") = "EmployeeManagementAPI", "EmployeeManagementAPI\EmployeeManagementAPI.csproj", "{6FAACD03-F7D5-49D5-8945-760DFC5E663D}"
EndProject
Global
	GlobalSection(SolutionConfigurationPlatforms) = preSolution
		Debug|Any CPU = Debug|Any CPU
		Release|Any CPU = Release|Any CPU
	EndGlobalSection
	GlobalSection(ProjectConfigurationPlatforms) = postSolution
		{906186B1-A359-46DB-8D9C-B96DD6F07A63}.Debug|Any CPU.ActiveCfg = Debug|Any CPU
		{906186B1-A359-46DB-8D9C-B96DD6F07A63}.Debug|Any CPU.Build.0 = Debug|Any CPU
		{906186B1-A359-46DB-8D9C-B96DD6F07A63}.Release|Any CPU.ActiveCfg = Release|Any CPU
		{906186B1-A359-46DB-8D9C-B96DD6F07A63}.Release|Any CPU.Build.0 = Release|Any CPU
		{7F4AA7CE-BAE5-4679-8C69-1DA739439A6A}.Debug|Any CPU.ActiveCfg = Debug|Any CPU
		{7F4AA7CE-BAE5-4679-8C69-1DA739439A6A}.Debug|Any CPU.Build.0 = Debug|Any CPU
		{7F4AA7CE-BAE5-4679-8C69-1DA739439A6A}.Release|Any CPU.ActiveCfg = Release|Any CPU
		{7F4AA7CE-BAE5-4679-8C69-1DA739439A6A}.Release|Any CPU.Build.0 = Release|Any CPU
		{6FAACD03-F7D5-49D5-8945-760DFC5E663D}.Debug|Any CPU.ActiveCfg = Debug|Any CPU
		{6FAACD03-F7D5-49D5-8945-760DFC5E663D}.Debug|Any CPU.Build.0 = Debug|Any CPU
		{6FAACD03-F7D5-49D5-8945-760DFC5E663D}.Release|Any CPU.ActiveCfg = Release|Any CPU
		{6FAACD03-F7D5-49D5-8945-760DFC5E663D}.Release|Any CPU.Build.0 = Release|Any CPU
	EndGlobalSection
	GlobalSection(SolutionProperties) = preSolution
		HideSolutionNode = FALSE
	EndGlobalSection
	GlobalSection(ExtensibilityGlobals) = postSolution
		SolutionGuid = {224BAF03-1098-40BE-A0E6-41080F3070F2}
	EndGlobalSection
EndGlobal
